
Microsoft Visual Studio Solution File, Format Version 12.00
# Visual Studio Version 17
VisualStudioVersion = 17.10.34707.107
MinimumVisualStudioVersion = 10.0.40219.1
Project("{FAE04EC0-301F-11D3-BF4B-00C04F79EFBC}") = "ViDuSQLNangCao", "ViDuSQLNangCao\ViDuSQLNangCao.csproj", "{96B8510D-878F-4C47-A45E-6812E09A6B22}"
EndProject
Global
	GlobalSection(SolutionConfigurationPlatforms) = preSolution
		Debug|Any CPU = Debug|Any CPU
		Release|Any CPU = Release|Any CPU
	EndGlobalSection
	GlobalSection(ProjectConfigurationPlatforms) = postSolution
		{96B8510D-878F-4C47-A45E-6812E09A6B22}.Debug|Any CPU.ActiveCfg = Debug|Any CPU
		{96B8510D-878F-4C47-A45E-6812E09A6B22}.Debug|Any CPU.Build.0 = Debug|Any CPU
		{96B8510D-878F-4C47-A45E-6812E09A6B22}.Release|Any CPU.ActiveCfg = Release|Any CPU
		{96B8510D-878F-4C47-A45E-6812E09A6B22}.Release|Any CPU.Build.0 = Release|Any CPU
	EndGlobalSection
	GlobalSection(SolutionProperties) = preSolution
		HideSolutionNode = FALSE
	EndGlobalSection
	GlobalSection(ExtensibilityGlobals) = postSolution
		SolutionGuid = {0C5C5B46-9F0D-4A9E-8566-2E7D96343B08}
	EndGlobalSection
EndGlobal
